# THIS IS AN AUTOGENERATED FILE. DO NOT EDIT THIS FILE DIRECTLY.
# yarn lockfile v1


fast-copy@^3.0.1:
  version "3.0.1"
  resolved "https://registry.yarnpkg.com/fast-copy/-/fast-copy-3.0.1.tgz#9e89ef498b8c04c1cd76b33b8e14271658a732aa"
  integrity sha512-Knr7NOtK3HWRYGtHoJrjkaWepqT8thIVGAwt0p0aUs1zqkAzXZV4vo9fFNwyb5fcqK1GKYFYxldQdIDVKhUAfA==
